
Microsoft Visual Studio Solution File, Format Version 12.00
# Visual Studio Version 16
VisualStudioVersion = 16.0.31205.134
MinimumVisualStudioVersion = 10.0.40219.1
Project("{FAE04EC0-301F-11D3-BF4B-00C04F79EFBC}") = "cowandbull", "cowandbull\cowandbull.csproj", "{746A642B-76FE-4A30-BA38-C1FF25BB3B68}"
EndProject
Global
	GlobalSection(SolutionConfigurationPlatforms) = preSolution
		Debug|Any CPU = Debug|Any CPU
		Release|Any CPU = Release|Any CPU
	EndGlobalSection
	GlobalSection(ProjectConfigurationPlatforms) = postSolution
		{746A642B-76FE-4A30-BA38-C1FF25BB3B68}.Debug|Any CPU.ActiveCfg = Debug|Any CPU
		{746A642B-76FE-4A30-BA38-C1FF25BB3B68}.Debug|Any CPU.Build.0 = Debug|Any CPU
		{746A642B-76FE-4A30-BA38-C1FF25BB3B68}.Release|Any CPU.ActiveCfg = Release|Any CPU
		{746A642B-76FE-4A30-BA38-C1FF25BB3B68}.Release|Any CPU.Build.0 = Release|Any CPU
	EndGlobalSection
	GlobalSection(SolutionProperties) = preSolution
		HideSolutionNode = FALSE
	EndGlobalSection
	GlobalSection(ExtensibilityGlobals) = postSolution
		SolutionGuid = {F7C30A39-E39A-4518-862F-41C69C00D4D5}
	EndGlobalSection
EndGlobal
