
Microsoft Visual Studio Solution File, Format Version 12.00
# Visual Studio Version 16
VisualStudioVersion = 16.0.31205.134
MinimumVisualStudioVersion = 10.0.40219.1
Project("{9A19103F-16F7-4668-BE54-9A1E7A4F7556}") = "TransportDALLibrary", "TransportDALLibrary\TransportDALLibrary.csproj", "{F0C072A0-C5E9-4956-B99C-521084C5391A}"
EndProject
Project("{9A19103F-16F7-4668-BE54-9A1E7A4F7556}") = "TransportBLLibrary", "TransportBLLibrary\TransportBLLibrary.csproj", "{E96BBAF2-DF22-4D95-B802-247B27642DDC}"
EndProject
Project("{9A19103F-16F7-4668-BE54-9A1E7A4F7556}") = "TransportFEApplication", "TransportFEApplication\TransportFEApplication.csproj", "{4F14D6F4-2838-4AF8-8014-7A39DA8FA4DD}"
EndProject
Global
	GlobalSection(SolutionConfigurationPlatforms) = preSolution
		Debug|Any CPU = Debug|Any CPU
		Release|Any CPU = Release|Any CPU
	EndGlobalSection
	GlobalSection(ProjectConfigurationPlatforms) = postSolution
		{F0C072A0-C5E9-4956-B99C-521084C5391A}.Debug|Any CPU.ActiveCfg = Debug|Any CPU
		{F0C072A0-C5E9-4956-B99C-521084C5391A}.Debug|Any CPU.Build.0 = Debug|Any CPU
		{F0C072A0-C5E9-4956-B99C-521084C5391A}.Release|Any CPU.ActiveCfg = Release|Any CPU
		{F0C072A0-C5E9-4956-B99C-521084C5391A}.Release|Any CPU.Build.0 = Release|Any CPU
		{E96BBAF2-DF22-4D95-B802-247B27642DDC}.Debug|Any CPU.ActiveCfg = Debug|Any CPU
		{E96BBAF2-DF22-4D95-B802-247B27642DDC}.Debug|Any CPU.Build.0 = Debug|Any CPU
		{E96BBAF2-DF22-4D95-B802-247B27642DDC}.Release|Any CPU.ActiveCfg = Release|Any CPU
		{E96BBAF2-DF22-4D95-B802-247B27642DDC}.Release|Any CPU.Build.0 = Release|Any CPU
		{4F14D6F4-2838-4AF8-8014-7A39DA8FA4DD}.Debug|Any CPU.ActiveCfg = Debug|Any CPU
		{4F14D6F4-2838-4AF8-8014-7A39DA8FA4DD}.Debug|Any CPU.Build.0 = Debug|Any CPU
		{4F14D6F4-2838-4AF8-8014-7A39DA8FA4DD}.Release|Any CPU.ActiveCfg = Release|Any CPU
		{4F14D6F4-2838-4AF8-8014-7A39DA8FA4DD}.Release|Any CPU.Build.0 = Release|Any CPU
	EndGlobalSection
	GlobalSection(SolutionProperties) = preSolution
		HideSolutionNode = FALSE
	EndGlobalSection
	GlobalSection(ExtensibilityGlobals) = postSolution
		SolutionGuid = {A6B02A38-3ACF-44FA-8394-2BCBB88404ED}
	EndGlobalSection
EndGlobal
